// !$*UTF8*$!
{
	archiveVersion = 1;
	classes = {
	};
	objectVersion = 55;
	objects = {

/* Begin PBXBuildFile section */
		9545FAEF288B261B00376380 /* ShapesBootcamp.swift in Sources */ = {isa = PBXBuildFile; fileRef = 9545FAEE288B261B00376380 /* ShapesBootcamp.swift */; };
		9545FAF1288B4B3100376380 /* ColorsBootcamp.swift in Sources */ = {isa = PBXBuildFile; fileRef = 9545FAF0288B4B3100376380 /* ColorsBootcamp.swift */; };
		9545FAF3288C05EE00376380 /* GradientsBootcamp.swift in Sources */ = {isa = PBXBuildFile; fileRef = 9545FAF2288C05EE00376380 /* GradientsBootcamp.swift */; };
		9545FAF5288C88FE00376380 /* SystemIconsBootcamp.swift in Sources */ = {isa = PBXBuildFile; fileRef = 9545FAF4288C88FE00376380 /* SystemIconsBootcamp.swift */; };
		9545FAF7288D96CD00376380 /* ImageBootcamp.swift in Sources */ = {isa = PBXBuildFile; fileRef = 9545FAF6288D96CD00376380 /* ImageBootcamp.swift */; };
		9545FAF9288DA2E400376380 /* FrameBootcamp.swift in Sources */ = {isa = PBXBuildFile; fileRef = 9545FAF8288DA2E400376380 /* FrameBootcamp.swift */; };
		95545DB72891C30900D8118C /* StacksBootcamp.swift in Sources */ = {isa = PBXBuildFile; fileRef = 95545DB62891C30900D8118C /* StacksBootcamp.swift */; };
		95545DB92891D87F00D8118C /* PaddingBootcamp.swift in Sources */ = {isa = PBXBuildFile; fileRef = 95545DB82891D87F00D8118C /* PaddingBootcamp.swift */; };
		95545DBB2891E88200D8118C /* SpacerBootcamp.swift in Sources */ = {isa = PBXBuildFile; fileRef = 95545DBA2891E88200D8118C /* SpacerBootcamp.swift */; };
		9559D04B287F5573008BE852 /* SwiftUI_BootcampApp.swift in Sources */ = {isa = PBXBuildFile; fileRef = 9559D04A287F5573008BE852 /* SwiftUI_BootcampApp.swift */; };
		9559D04D287F5573008BE852 /* ContentView.swift in Sources */ = {isa = PBXBuildFile; fileRef = 9559D04C287F5573008BE852 /* ContentView.swift */; };
		9559D04F287F5575008BE852 /* Assets.xcassets in Resources */ = {isa = PBXBuildFile; fileRef = 9559D04E287F5575008BE852 /* Assets.xcassets */; };
		9559D052287F5575008BE852 /* Preview Assets.xcassets in Resources */ = {isa = PBXBuildFile; fileRef = 9559D051287F5575008BE852 /* Preview Assets.xcassets */; };
		9559D059287F6F26008BE852 /* TextBootcamp.swift in Sources */ = {isa = PBXBuildFile; fileRef = 9559D058287F6F26008BE852 /* TextBootcamp.swift */; };
		9577DD7B28B423C20056A10B /* ListItemsCrud.swift in Sources */ = {isa = PBXBuildFile; fileRef = 9577DD7A28B423C20056A10B /* ListItemsCrud.swift */; };
		9577DD7F28B6D4B10056A10B /* AlertPopups.swift in Sources */ = {isa = PBXBuildFile; fileRef = 9577DD7E28B6D4B10056A10B /* AlertPopups.swift */; };
		9577DD8128B939440056A10B /* ActionSheetPopUps.swift in Sources */ = {isa = PBXBuildFile; fileRef = 9577DD8028B939440056A10B /* ActionSheetPopUps.swift */; };
		9577DD8328B971970056A10B /* ContextMenuPopup.swift in Sources */ = {isa = PBXBuildFile; fileRef = 9577DD8228B971970056A10B /* ContextMenuPopup.swift */; };
		9577DD8528B985810056A10B /* TextFieldUsage.swift in Sources */ = {isa = PBXBuildFile; fileRef = 9577DD8428B985810056A10B /* TextFieldUsage.swift */; };
		9577DD8728BA5ED50056A10B /* TextEditorForUserInput.swift in Sources */ = {isa = PBXBuildFile; fileRef = 9577DD8628BA5ED50056A10B /* TextEditorForUserInput.swift */; };
		9577DD8928BA8E7C0056A10B /* ToggleToCreateSwitch.swift in Sources */ = {isa = PBXBuildFile; fileRef = 9577DD8828BA8E7C0056A10B /* ToggleToCreateSwitch.swift */; };
		9577DD8B28BAC1990056A10B /* PickerAndPickerStyles.swift in Sources */ = {isa = PBXBuildFile; fileRef = 9577DD8A28BAC1990056A10B /* PickerAndPickerStyles.swift */; };
		9577DD8D28BB948E0056A10B /* ColorPickerBoot.swift in Sources */ = {isa = PBXBuildFile; fileRef = 9577DD8C28BB948E0056A10B /* ColorPickerBoot.swift */; };
		9577DD8F28BBB8390056A10B /* DatePickerBoot.swift in Sources */ = {isa = PBXBuildFile; fileRef = 9577DD8E28BBB8390056A10B /* DatePickerBoot.swift */; };
		9577DD9128BBC5D00056A10B /* StepperBoot.swift in Sources */ = {isa = PBXBuildFile; fileRef = 9577DD9028BBC5D00056A10B /* StepperBoot.swift */; };
		9577DD9328BBDCFF0056A10B /* SliderBoot.swift in Sources */ = {isa = PBXBuildFile; fileRef = 9577DD9228BBDCFF0056A10B /* SliderBoot.swift */; };
		958A33782895649A006E2A31 /* Init&EnumsBootcamp.swift in Sources */ = {isa = PBXBuildFile; fileRef = 958A33772895649A006E2A31 /* Init&EnumsBootcamp.swift */; };
		958A337A289576BA006E2A31 /* ForEachBootcamp.swift in Sources */ = {isa = PBXBuildFile; fileRef = 958A3379289576BA006E2A31 /* ForEachBootcamp.swift */; };
		958A337C2895A09E006E2A31 /* ScrollViewBootcamp.swift in Sources */ = {isa = PBXBuildFile; fileRef = 958A337B2895A09E006E2A31 /* ScrollViewBootcamp.swift */; };
		958A337E2895A67D006E2A31 /* LazyVGridBootcamp.swift in Sources */ = {isa = PBXBuildFile; fileRef = 958A337D2895A67D006E2A31 /* LazyVGridBootcamp.swift */; };
		958A33802895CE76006E2A31 /* SafeAreaBootcamp.swift in Sources */ = {isa = PBXBuildFile; fileRef = 958A337F2895CE76006E2A31 /* SafeAreaBootcamp.swift */; };
		958A33822895DC3F006E2A31 /* ButtonsBootcamp.swift in Sources */ = {isa = PBXBuildFile; fileRef = 958A33812895DC3F006E2A31 /* ButtonsBootcamp.swift */; };
		958A33842895E5E7006E2A31 /* StateBootcamp.swift in Sources */ = {isa = PBXBuildFile; fileRef = 958A33832895E5E6006E2A31 /* StateBootcamp.swift */; };
		95A6A56C28AEE2640045FFE7 /* ExtractedFunctions.swift in Sources */ = {isa = PBXBuildFile; fileRef = 95A6A56B28AEE2640045FFE7 /* ExtractedFunctions.swift */; };
		95A6A56E28AEEAD30045FFE7 /* ExtractSubViews.swift in Sources */ = {isa = PBXBuildFile; fileRef = 95A6A56D28AEEAD30045FFE7 /* ExtractSubViews.swift */; };
		95A6A57028AFD82E0045FFE7 /* BindingPropertyWrapper.swift in Sources */ = {isa = PBXBuildFile; fileRef = 95A6A56F28AFD82E0045FFE7 /* BindingPropertyWrapper.swift */; };
		95A6A57228AFE3DD0045FFE7 /* ConditionalStatements.swift in Sources */ = {isa = PBXBuildFile; fileRef = 95A6A57128AFE3DD0045FFE7 /* ConditionalStatements.swift */; };
		95A6A57428AFEBB50045FFE7 /* TernaryOperators.swift in Sources */ = {isa = PBXBuildFile; fileRef = 95A6A57328AFEBB50045FFE7 /* TernaryOperators.swift */; };
		95A6A57628AFF1F80045FFE7 /* Animations.swift in Sources */ = {isa = PBXBuildFile; fileRef = 95A6A57528AFF1F80045FFE7 /* Animations.swift */; };
		95A6A57828B027920045FFE7 /* AnimationCurvesAndTiming.swift in Sources */ = {isa = PBXBuildFile; fileRef = 95A6A57728B027920045FFE7 /* AnimationCurvesAndTiming.swift */; };
		95A6A57A28B249CA0045FFE7 /* Transition.swift in Sources */ = {isa = PBXBuildFile; fileRef = 95A6A57928B249CA0045FFE7 /* Transition.swift */; };
		95A6A57C28B25E1F0045FFE7 /* Pop-upSheets&FullScreenCovers.swift in Sources */ = {isa = PBXBuildFile; fileRef = 95A6A57B28B25E1F0045FFE7 /* Pop-upSheets&FullScreenCovers.swift */; };
		95A6A57E28B288880045FFE7 /* PopOver.swift in Sources */ = {isa = PBXBuildFile; fileRef = 95A6A57D28B288880045FFE7 /* PopOver.swift */; };
		95A6A58228B29B190045FFE7 /* NavigationView&Link.swift in Sources */ = {isa = PBXBuildFile; fileRef = 95A6A58128B29B190045FFE7 /* NavigationView&Link.swift */; };
		95D68E03288DC12A00D65C05 /* BackgroundAndOverlayBootcamp.swift in Sources */ = {isa = PBXBuildFile; fileRef = 95D68E02288DC12A00D65C05 /* BackgroundAndOverlayBootcamp.swift */; };
/* End PBXBuildFile section */

/* Begin PBXFileReference section */
		9545FAEE288B261B00376380 /* ShapesBootcamp.swift */ = {isa = PBXFileReference; lastKnownFileType = sourcecode.swift; path = ShapesBootcamp.swift; sourceTree = "<group>"; };
		9545FAF0288B4B3100376380 /* ColorsBootcamp.swift */ = {isa = PBXFileReference; lastKnownFileType = sourcecode.swift; path = ColorsBootcamp.swift; sourceTree = "<group>"; };
		9545FAF2288C05EE00376380 /* GradientsBootcamp.swift */ = {isa = PBXFileReference; lastKnownFileType = sourcecode.swift; path = GradientsBootcamp.swift; sourceTree = "<group>"; };
		9545FAF4288C88FE00376380 /* SystemIconsBootcamp.swift */ = {isa = PBXFileReference; lastKnownFileType = sourcecode.swift; path = SystemIconsBootcamp.swift; sourceTree = "<group>"; };
		9545FAF6288D96CD00376380 /* ImageBootcamp.swift */ = {isa = PBXFileReference; lastKnownFileType = sourcecode.swift; path = ImageBootcamp.swift; sourceTree = "<group>"; };
		9545FAF8288DA2E400376380 /* FrameBootcamp.swift */ = {isa = PBXFileReference; lastKnownFileType = sourcecode.swift; path = FrameBootcamp.swift; sourceTree = "<group>"; };
		95545DB62891C30900D8118C /* StacksBootcamp.swift */ = {isa = PBXFileReference; lastKnownFileType = sourcecode.swift; path = StacksBootcamp.swift; sourceTree = "<group>"; };
		95545DB82891D87F00D8118C /* PaddingBootcamp.swift */ = {isa = PBXFileReference; lastKnownFileType = sourcecode.swift; path = PaddingBootcamp.swift; sourceTree = "<group>"; };
		95545DBA2891E88200D8118C /* SpacerBootcamp.swift */ = {isa = PBXFileReference; lastKnownFileType = sourcecode.swift; path = SpacerBootcamp.swift; sourceTree = "<group>"; };
		9559D047287F5573008BE852 /* Bootcamp Icon.app */ = {isa = PBXFileReference; explicitFileType = wrapper.application; includeInIndex = 0; path = "Bootcamp Icon.app"; sourceTree = BUILT_PRODUCTS_DIR; };
		9559D04A287F5573008BE852 /* SwiftUI_BootcampApp.swift */ = {isa = PBXFileReference; lastKnownFileType = sourcecode.swift; path = SwiftUI_BootcampApp.swift; sourceTree = "<group>"; };
		9559D04C287F5573008BE852 /* ContentView.swift */ = {isa = PBXFileReference; lastKnownFileType = sourcecode.swift; path = ContentView.swift; sourceTree = "<group>"; };
		9559D04E287F5575008BE852 /* Assets.xcassets */ = {isa = PBXFileReference; lastKnownFileType = folder.assetcatalog; path = Assets.xcassets; sourceTree = "<group>"; };
		9559D051287F5575008BE852 /* Preview Assets.xcassets */ = {isa = PBXFileReference; lastKnownFileType = folder.assetcatalog; path = "Preview Assets.xcassets"; sourceTree = "<group>"; };
		9559D058287F6F26008BE852 /* TextBootcamp.swift */ = {isa = PBXFileReference; lastKnownFileType = sourcecode.swift; path = TextBootcamp.swift; sourceTree = "<group>"; };
		9577DD7A28B423C20056A10B /* ListItemsCrud.swift */ = {isa = PBXFileReference; lastKnownFileType = sourcecode.swift; path = ListItemsCrud.swift; sourceTree = "<group>"; };
		9577DD7E28B6D4B10056A10B /* AlertPopups.swift */ = {isa = PBXFileReference; lastKnownFileType = sourcecode.swift; path = AlertPopups.swift; sourceTree = "<group>"; };
		9577DD8028B939440056A10B /* ActionSheetPopUps.swift */ = {isa = PBXFileReference; lastKnownFileType = sourcecode.swift; path = ActionSheetPopUps.swift; sourceTree = "<group>"; };
		9577DD8228B971970056A10B /* ContextMenuPopup.swift */ = {isa = PBXFileReference; lastKnownFileType = sourcecode.swift; path = ContextMenuPopup.swift; sourceTree = "<group>"; };
		9577DD8428B985810056A10B /* TextFieldUsage.swift */ = {isa = PBXFileReference; lastKnownFileType = sourcecode.swift; path = TextFieldUsage.swift; sourceTree = "<group>"; };
		9577DD8628BA5ED50056A10B /* TextEditorForUserInput.swift */ = {isa = PBXFileReference; lastKnownFileType = sourcecode.swift; path = TextEditorForUserInput.swift; sourceTree = "<group>"; };
		9577DD8828BA8E7C0056A10B /* ToggleToCreateSwitch.swift */ = {isa = PBXFileReference; lastKnownFileType = sourcecode.swift; path = ToggleToCreateSwitch.swift; sourceTree = "<group>"; };
		9577DD8A28BAC1990056A10B /* PickerAndPickerStyles.swift */ = {isa = PBXFileReference; lastKnownFileType = sourcecode.swift; path = PickerAndPickerStyles.swift; sourceTree = "<group>"; };
		9577DD8C28BB948E0056A10B /* ColorPickerBoot.swift */ = {isa = PBXFileReference; lastKnownFileType = sourcecode.swift; path = ColorPickerBoot.swift; sourceTree = "<group>"; };
		9577DD8E28BBB8390056A10B /* DatePickerBoot.swift */ = {isa = PBXFileReference; lastKnownFileType = sourcecode.swift; path = DatePickerBoot.swift; sourceTree = "<group>"; };
		9577DD9028BBC5D00056A10B /* StepperBoot.swift */ = {isa = PBXFileReference; lastKnownFileType = sourcecode.swift; path = StepperBoot.swift; sourceTree = "<group>"; };
		9577DD9228BBDCFF0056A10B /* SliderBoot.swift */ = {isa = PBXFileReference; lastKnownFileType = sourcecode.swift; path = SliderBoot.swift; sourceTree = "<group>"; };
		958A33772895649A006E2A31 /* Init&EnumsBootcamp.swift */ = {isa = PBXFileReference; lastKnownFileType = sourcecode.swift; path = "Init&EnumsBootcamp.swift"; sourceTree = "<group>"; };
		958A3379289576BA006E2A31 /* ForEachBootcamp.swift */ = {isa = PBXFileReference; lastKnownFileType = sourcecode.swift; path = ForEachBootcamp.swift; sourceTree = "<group>"; };
		958A337B2895A09E006E2A31 /* ScrollViewBootcamp.swift */ = {isa = PBXFileReference; lastKnownFileType = sourcecode.swift; path = ScrollViewBootcamp.swift; sourceTree = "<group>"; };
		958A337D2895A67D006E2A31 /* LazyVGridBootcamp.swift */ = {isa = PBXFileReference; lastKnownFileType = sourcecode.swift; path = LazyVGridBootcamp.swift; sourceTree = "<group>"; };
		958A337F2895CE76006E2A31 /* SafeAreaBootcamp.swift */ = {isa = PBXFileReference; lastKnownFileType = sourcecode.swift; path = SafeAreaBootcamp.swift; sourceTree = "<group>"; };
		958A33812895DC3F006E2A31 /* ButtonsBootcamp.swift */ = {isa = PBXFileReference; lastKnownFileType = sourcecode.swift; path = ButtonsBootcamp.swift; sourceTree = "<group>"; };
		958A33832895E5E6006E2A31 /* StateBootcamp.swift */ = {isa = PBXFileReference; lastKnownFileType = sourcecode.swift; path = StateBootcamp.swift; sourceTree = "<group>"; };
		95A6A56B28AEE2640045FFE7 /* ExtractedFunctions.swift */ = {isa = PBXFileReference; lastKnownFileType = sourcecode.swift; path = ExtractedFunctions.swift; sourceTree = "<group>"; };
		95A6A56D28AEEAD30045FFE7 /* ExtractSubViews.swift */ = {isa = PBXFileReference; lastKnownFileType = sourcecode.swift; path = ExtractSubViews.swift; sourceTree = "<group>"; };
		95A6A56F28AFD82E0045FFE7 /* BindingPropertyWrapper.swift */ = {isa = PBXFileReference; lastKnownFileType = sourcecode.swift; path = BindingPropertyWrapper.swift; sourceTree = "<group>"; };
		95A6A57128AFE3DD0045FFE7 /* ConditionalStatements.swift */ = {isa = PBXFileReference; lastKnownFileType = sourcecode.swift; path = ConditionalStatements.swift; sourceTree = "<group>"; };
		95A6A57328AFEBB50045FFE7 /* TernaryOperators.swift */ = {isa = PBXFileReference; lastKnownFileType = sourcecode.swift; path = TernaryOperators.swift; sourceTree = "<group>"; };
		95A6A57528AFF1F80045FFE7 /* Animations.swift */ = {isa = PBXFileReference; lastKnownFileType = sourcecode.swift; path = Animations.swift; sourceTree = "<group>"; };
		95A6A57728B027920045FFE7 /* AnimationCurvesAndTiming.swift */ = {isa = PBXFileReference; lastKnownFileType = sourcecode.swift; path = AnimationCurvesAndTiming.swift; sourceTree = "<group>"; };
		95A6A57928B249CA0045FFE7 /* Transition.swift */ = {isa = PBXFileReference; lastKnownFileType = sourcecode.swift; path = Transition.swift; sourceTree = "<group>"; };
		95A6A57B28B25E1F0045FFE7 /* Pop-upSheets&FullScreenCovers.swift */ = {isa = PBXFileReference; lastKnownFileType = sourcecode.swift; path = "Pop-upSheets&FullScreenCovers.swift"; sourceTree = "<group>"; };
		95A6A57D28B288880045FFE7 /* PopOver.swift */ = {isa = PBXFileReference; lastKnownFileType = sourcecode.swift; path = PopOver.swift; sourceTree = "<group>"; };
		95A6A58128B29B190045FFE7 /* NavigationView&Link.swift */ = {isa = PBXFileReference; lastKnownFileType = sourcecode.swift; path = "NavigationView&Link.swift"; sourceTree = "<group>"; };
		95D68E02288DC12A00D65C05 /* BackgroundAndOverlayBootcamp.swift */ = {isa = PBXFileReference; lastKnownFileType = sourcecode.swift; path = BackgroundAndOverlayBootcamp.swift; sourceTree = "<group>"; };
/* End PBXFileReference section */

/* Begin PBXFrameworksBuildPhase section */
		9559D044287F5573008BE852 /* Frameworks */ = {
			isa = PBXFrameworksBuildPhase;
			buildActionMask = 2147483647;
			files = (
			);
			runOnlyForDeploymentPostprocessing = 0;
		};
/* End PBXFrameworksBuildPhase section */

/* Begin PBXGroup section */
		9559D03E287F5573008BE852 = {
			isa = PBXGroup;
			children = (
				9559D049287F5573008BE852 /* SwiftUI Bootcamp */,
				9559D048287F5573008BE852 /* Products */,
			);
			sourceTree = "<group>";
		};
		9559D048287F5573008BE852 /* Products */ = {
			isa = PBXGroup;
			children = (
				9559D047287F5573008BE852 /* Bootcamp Icon.app */,
			);
			name = Products;
			sourceTree = "<group>";
		};
		9559D049287F5573008BE852 /* SwiftUI Bootcamp */ = {
			isa = PBXGroup;
			children = (
				9577DD8028B939440056A10B /* ActionSheetPopUps.swift */,
				9577DD7E28B6D4B10056A10B /* AlertPopups.swift */,
				95A6A57728B027920045FFE7 /* AnimationCurvesAndTiming.swift */,
				95A6A57528AFF1F80045FFE7 /* Animations.swift */,
				95D68E02288DC12A00D65C05 /* BackgroundAndOverlayBootcamp.swift */,
				95A6A56F28AFD82E0045FFE7 /* BindingPropertyWrapper.swift */,
				958A33812895DC3F006E2A31 /* ButtonsBootcamp.swift */,
				9545FAF0288B4B3100376380 /* ColorsBootcamp.swift */,
				9577DD8228B971970056A10B /* ContextMenuPopup.swift */,
				95A6A57128AFE3DD0045FFE7 /* ConditionalStatements.swift */,
				9559D04C287F5573008BE852 /* ContentView.swift */,
				95A6A56B28AEE2640045FFE7 /* ExtractedFunctions.swift */,
				95A6A56D28AEEAD30045FFE7 /* ExtractSubViews.swift */,
				9577DD8828BA8E7C0056A10B /* ToggleToCreateSwitch.swift */,
				958A3379289576BA006E2A31 /* ForEachBootcamp.swift */,
				9577DD8428B985810056A10B /* TextFieldUsage.swift */,
				9545FAF8288DA2E400376380 /* FrameBootcamp.swift */,
				9577DD8C28BB948E0056A10B /* ColorPickerBoot.swift */,
				9577DD8E28BBB8390056A10B /* DatePickerBoot.swift */,
				9577DD9028BBC5D00056A10B /* StepperBoot.swift */,
				9577DD8628BA5ED50056A10B /* TextEditorForUserInput.swift */,
				9545FAF2288C05EE00376380 /* GradientsBootcamp.swift */,
				9577DD8A28BAC1990056A10B /* PickerAndPickerStyles.swift */,
				9577DD9228BBDCFF0056A10B /* SliderBoot.swift */,
				9545FAF6288D96CD00376380 /* ImageBootcamp.swift */,
				958A33772895649A006E2A31 /* Init&EnumsBootcamp.swift */,
				958A337D2895A67D006E2A31 /* LazyVGridBootcamp.swift */,
				9577DD7A28B423C20056A10B /* ListItemsCrud.swift */,
				95A6A58128B29B190045FFE7 /* NavigationView&Link.swift */,
				95545DB82891D87F00D8118C /* PaddingBootcamp.swift */,
				95A6A57B28B25E1F0045FFE7 /* Pop-upSheets&FullScreenCovers.swift */,
				95A6A57D28B288880045FFE7 /* PopOver.swift */,
				958A337F2895CE76006E2A31 /* SafeAreaBootcamp.swift */,
				958A337B2895A09E006E2A31 /* ScrollViewBootcamp.swift */,
				9545FAEE288B261B00376380 /* ShapesBootcamp.swift */,
				95545DBA2891E88200D8118C /* SpacerBootcamp.swift */,
				95545DB62891C30900D8118C /* StacksBootcamp.swift */,
				958A33832895E5E6006E2A31 /* StateBootcamp.swift */,
				9559D04A287F5573008BE852 /* SwiftUI_BootcampApp.swift */,
				9545FAF4288C88FE00376380 /* SystemIconsBootcamp.swift */,
				95A6A57328AFEBB50045FFE7 /* TernaryOperators.swift */,
				9559D058287F6F26008BE852 /* TextBootcamp.swift */,
				95A6A57928B249CA0045FFE7 /* Transition.swift */,
				9559D04E287F5575008BE852 /* Assets.xcassets */,
				9559D050287F5575008BE852 /* Preview Content */,
			);
			path = "SwiftUI Bootcamp";
			sourceTree = "<group>";
		};
		9559D050287F5575008BE852 /* Preview Content */ = {
			isa = PBXGroup;
			children = (
				9559D051287F5575008BE852 /* Preview Assets.xcassets */,
			);
			path = "Preview Content";
			sourceTree = "<group>";
		};
/* End PBXGroup section */

/* Begin PBXNativeTarget section */
		9559D046287F5573008BE852 /* SwiftUI Bootcamp */ = {
			isa = PBXNativeTarget;
			buildConfigurationList = 9559D055287F5575008BE852 /* Build configuration list for PBXNativeTarget "SwiftUI Bootcamp" */;
			buildPhases = (
				9559D043287F5573008BE852 /* Sources */,
				9559D044287F5573008BE852 /* Frameworks */,
				9559D045287F5573008BE852 /* Resources */,
			);
			buildRules = (
			);
			dependencies = (
			);
			name = "SwiftUI Bootcamp";
			productName = "SwiftUI Bootcamp";
			productReference = 9559D047287F5573008BE852 /* Bootcamp Icon.app */;
			productType = "com.apple.product-type.application";
		};
/* End PBXNativeTarget section */

/* Begin PBXProject section */
		9559D03F287F5573008BE852 /* Project object */ = {
			isa = PBXProject;
			attributes = {
				BuildIndependentTargetsInParallel = 1;
				LastSwiftUpdateCheck = 1340;
				LastUpgradeCheck = 1340;
				TargetAttributes = {
					9559D046287F5573008BE852 = {
						CreatedOnToolsVersion = 13.4.1;
					};
				};
			};
			buildConfigurationList = 9559D042287F5573008BE852 /* Build configuration list for PBXProject "SwiftUI Bootcamp" */;
			compatibilityVersion = "Xcode 13.0";
			developmentRegion = en;
			hasScannedForEncodings = 0;
			knownRegions = (
				en,
				Base,
			);
			mainGroup = 9559D03E287F5573008BE852;
			productRefGroup = 9559D048287F5573008BE852 /* Products */;
			projectDirPath = "";
			projectRoot = "";
			targets = (
				9559D046287F5573008BE852 /* SwiftUI Bootcamp */,
			);
		};
/* End PBXProject section */

/* Begin PBXResourcesBuildPhase section */
		9559D045287F5573008BE852 /* Resources */ = {
			isa = PBXResourcesBuildPhase;
			buildActionMask = 2147483647;
			files = (
				9559D052287F5575008BE852 /* Preview Assets.xcassets in Resources */,
				9559D04F287F5575008BE852 /* Assets.xcassets in Resources */,
			);
			runOnlyForDeploymentPostprocessing = 0;
		};
/* End PBXResourcesBuildPhase section */

/* Begin PBXSourcesBuildPhase section */
		9559D043287F5573008BE852 /* Sources */ = {
			isa = PBXSourcesBuildPhase;
			buildActionMask = 2147483647;
			files = (
				958A33842895E5E7006E2A31 /* StateBootcamp.swift in Sources */,
				9577DD9128BBC5D00056A10B /* StepperBoot.swift in Sources */,
				9577DD8B28BAC1990056A10B /* PickerAndPickerStyles.swift in Sources */,
				95A6A57E28B288880045FFE7 /* PopOver.swift in Sources */,
				958A33782895649A006E2A31 /* Init&EnumsBootcamp.swift in Sources */,
				9545FAF1288B4B3100376380 /* ColorsBootcamp.swift in Sources */,
				9577DD9328BBDCFF0056A10B /* SliderBoot.swift in Sources */,
				95A6A57028AFD82E0045FFE7 /* BindingPropertyWrapper.swift in Sources */,
				95A6A57C28B25E1F0045FFE7 /* Pop-upSheets&FullScreenCovers.swift in Sources */,
				958A337C2895A09E006E2A31 /* ScrollViewBootcamp.swift in Sources */,
				95D68E03288DC12A00D65C05 /* BackgroundAndOverlayBootcamp.swift in Sources */,
				9577DD7F28B6D4B10056A10B /* AlertPopups.swift in Sources */,
				9577DD8528B985810056A10B /* TextFieldUsage.swift in Sources */,
				9545FAEF288B261B00376380 /* ShapesBootcamp.swift in Sources */,
				95545DB92891D87F00D8118C /* PaddingBootcamp.swift in Sources */,
				9545FAF9288DA2E400376380 /* FrameBootcamp.swift in Sources */,
				9545FAF3288C05EE00376380 /* GradientsBootcamp.swift in Sources */,
				958A33822895DC3F006E2A31 /* ButtonsBootcamp.swift in Sources */,
				95A6A56C28AEE2640045FFE7 /* ExtractedFunctions.swift in Sources */,
				958A33802895CE76006E2A31 /* SafeAreaBootcamp.swift in Sources */,
				9577DD8128B939440056A10B /* ActionSheetPopUps.swift in Sources */,
				9559D04D287F5573008BE852 /* ContentView.swift in Sources */,
				95A6A57A28B249CA0045FFE7 /* Transition.swift in Sources */,
				958A337A289576BA006E2A31 /* ForEachBootcamp.swift in Sources */,
				9559D059287F6F26008BE852 /* TextBootcamp.swift in Sources */,
				95A6A57828B027920045FFE7 /* AnimationCurvesAndTiming.swift in Sources */,
				9559D04B287F5573008BE852 /* SwiftUI_BootcampApp.swift in Sources */,
				9577DD8D28BB948E0056A10B /* ColorPickerBoot.swift in Sources */,
				95545DB72891C30900D8118C /* StacksBootcamp.swift in Sources */,
				95A6A57228AFE3DD0045FFE7 /* ConditionalStatements.swift in Sources */,
				95A6A57428AFEBB50045FFE7 /* TernaryOperators.swift in Sources */,
				9577DD8328B971970056A10B /* ContextMenuPopup.swift in Sources */,
				9577DD8F28BBB8390056A10B /* DatePickerBoot.swift in Sources */,
				95A6A57628AFF1F80045FFE7 /* Animations.swift in Sources */,
				9577DD8728BA5ED50056A10B /* TextEditorForUserInput.swift in Sources */,
				95545DBB2891E88200D8118C /* SpacerBootcamp.swift in Sources */,
				9577DD7B28B423C20056A10B /* ListItemsCrud.swift in Sources */,
				9577DD8928BA8E7C0056A10B /* ToggleToCreateSwitch.swift in Sources */,
				958A337E2895A67D006E2A31 /* LazyVGridBootcamp.swift in Sources */,
				95A6A56E28AEEAD30045FFE7 /* ExtractSubViews.swift in Sources */,
				9545FAF7288D96CD00376380 /* ImageBootcamp.swift in Sources */,
				95A6A58228B29B190045FFE7 /* NavigationView&Link.swift in Sources */,
				9545FAF5288C88FE00376380 /* SystemIconsBootcamp.swift in Sources */,
			);
			runOnlyForDeploymentPostprocessing = 0;
		};
/* End PBXSourcesBuildPhase section */

/* Begin XCBuildConfiguration section */
		9559D053287F5575008BE852 /* Debug */ = {
			isa = XCBuildConfiguration;
			buildSettings = {
				ALWAYS_SEARCH_USER_PATHS = NO;
				CLANG_ANALYZER_NONNULL = YES;
				CLANG_ANALYZER_NUMBER_OBJECT_CONVERSION = YES_AGGRESSIVE;
				CLANG_CXX_LANGUAGE_STANDARD = "gnu++17";
				CLANG_ENABLE_MODULES = YES;
				CLANG_ENABLE_OBJC_ARC = YES;
				CLANG_ENABLE_OBJC_WEAK = YES;
				CLANG_WARN_BLOCK_CAPTURE_AUTORELEASING = YES;
				CLANG_WARN_BOOL_CONVERSION = YES;
				CLANG_WARN_COMMA = YES;
				CLANG_WARN_CONSTANT_CONVERSION = YES;
				CLANG_WARN_DEPRECATED_OBJC_IMPLEMENTATIONS = YES;
				CLANG_WARN_DIRECT_OBJC_ISA_USAGE = YES_ERROR;
				CLANG_WARN_DOCUMENTATION_COMMENTS = YES;
				CLANG_WARN_EMPTY_BODY = YES;
				CLANG_WARN_ENUM_CONVERSION = YES;
				CLANG_WARN_INFINITE_RECURSION = YES;
				CLANG_WARN_INT_CONVERSION = YES;
				CLANG_WARN_NON_LITERAL_NULL_CONVERSION = YES;
				CLANG_WARN_OBJC_IMPLICIT_RETAIN_SELF = YES;
				CLANG_WARN_OBJC_LITERAL_CONVERSION = YES;
				CLANG_WARN_OBJC_ROOT_CLASS = YES_ERROR;
				CLANG_WARN_QUOTED_INCLUDE_IN_FRAMEWORK_HEADER = YES;
				CLANG_WARN_RANGE_LOOP_ANALYSIS = YES;
				CLANG_WARN_STRICT_PROTOTYPES = YES;
				CLANG_WARN_SUSPICIOUS_MOVE = YES;
				CLANG_WARN_UNGUARDED_AVAILABILITY = YES_AGGRESSIVE;
				CLANG_WARN_UNREACHABLE_CODE = YES;
				CLANG_WARN__DUPLICATE_METHOD_MATCH = YES;
				COPY_PHASE_STRIP = NO;
				DEBUG_INFORMATION_FORMAT = dwarf;
				ENABLE_STRICT_OBJC_MSGSEND = YES;
				ENABLE_TESTABILITY = YES;
				GCC_C_LANGUAGE_STANDARD = gnu11;
				GCC_DYNAMIC_NO_PIC = NO;
				GCC_NO_COMMON_BLOCKS = YES;
				GCC_OPTIMIZATION_LEVEL = 0;
				GCC_PREPROCESSOR_DEFINITIONS = (
					"DEBUG=1",
					"$(inherited)",
				);
				GCC_WARN_64_TO_32_BIT_CONVERSION = YES;
				GCC_WARN_ABOUT_RETURN_TYPE = YES_ERROR;
				GCC_WARN_UNDECLARED_SELECTOR = YES;
				GCC_WARN_UNINITIALIZED_AUTOS = YES_AGGRESSIVE;
				GCC_WARN_UNUSED_FUNCTION = YES;
				GCC_WARN_UNUSED_VARIABLE = YES;
				IPHONEOS_DEPLOYMENT_TARGET = 15.5;
				MTL_ENABLE_DEBUG_INFO = INCLUDE_SOURCE;
				MTL_FAST_MATH = YES;
				ONLY_ACTIVE_ARCH = YES;
				SDKROOT = iphoneos;
				SWIFT_ACTIVE_COMPILATION_CONDITIONS = DEBUG;
				SWIFT_OPTIMIZATION_LEVEL = "-Onone";
			};
			name = Debug;
		};
		9559D054287F5575008BE852 /* Release */ = {
			isa = XCBuildConfiguration;
			buildSettings = {
				ALWAYS_SEARCH_USER_PATHS = NO;
				CLANG_ANALYZER_NONNULL = YES;
				CLANG_ANALYZER_NUMBER_OBJECT_CONVERSION = YES_AGGRESSIVE;
				CLANG_CXX_LANGUAGE_STANDARD = "gnu++17";
				CLANG_ENABLE_MODULES = YES;
				CLANG_ENABLE_OBJC_ARC = YES;
				CLANG_ENABLE_OBJC_WEAK = YES;
				CLANG_WARN_BLOCK_CAPTURE_AUTORELEASING = YES;
				CLANG_WARN_BOOL_CONVERSION = YES;
				CLANG_WARN_COMMA = YES;
				CLANG_WARN_CONSTANT_CONVERSION = YES;
				CLANG_WARN_DEPRECATED_OBJC_IMPLEMENTATIONS = YES;
				CLANG_WARN_DIRECT_OBJC_ISA_USAGE = YES_ERROR;
				CLANG_WARN_DOCUMENTATION_COMMENTS = YES;
				CLANG_WARN_EMPTY_BODY = YES;
				CLANG_WARN_ENUM_CONVERSION = YES;
				CLANG_WARN_INFINITE_RECURSION = YES;
				CLANG_WARN_INT_CONVERSION = YES;
				CLANG_WARN_NON_LITERAL_NULL_CONVERSION = YES;
				CLANG_WARN_OBJC_IMPLICIT_RETAIN_SELF = YES;
				CLANG_WARN_OBJC_LITERAL_CONVERSION = YES;
				CLANG_WARN_OBJC_ROOT_CLASS = YES_ERROR;
				CLANG_WARN_QUOTED_INCLUDE_IN_FRAMEWORK_HEADER = YES;
				CLANG_WARN_RANGE_LOOP_ANALYSIS = YES;
				CLANG_WARN_STRICT_PROTOTYPES = YES;
				CLANG_WARN_SUSPICIOUS_MOVE = YES;
				CLANG_WARN_UNGUARDED_AVAILABILITY = YES_AGGRESSIVE;
				CLANG_WARN_UNREACHABLE_CODE = YES;
				CLANG_WARN__DUPLICATE_METHOD_MATCH = YES;
				COPY_PHASE_STRIP = NO;
				DEBUG_INFORMATION_FORMAT = "dwarf-with-dsym";
				ENABLE_NS_ASSERTIONS = NO;
				ENABLE_STRICT_OBJC_MSGSEND = YES;
				GCC_C_LANGUAGE_STANDARD = gnu11;
				GCC_NO_COMMON_BLOCKS = YES;
				GCC_WARN_64_TO_32_BIT_CONVERSION = YES;
				GCC_WARN_ABOUT_RETURN_TYPE = YES_ERROR;
				GCC_WARN_UNDECLARED_SELECTOR = YES;
				GCC_WARN_UNINITIALIZED_AUTOS = YES_AGGRESSIVE;
				GCC_WARN_UNUSED_FUNCTION = YES;
				GCC_WARN_UNUSED_VARIABLE = YES;
				IPHONEOS_DEPLOYMENT_TARGET = 15.5;
				MTL_ENABLE_DEBUG_INFO = NO;
				MTL_FAST_MATH = YES;
				SDKROOT = iphoneos;
				SWIFT_COMPILATION_MODE = wholemodule;
				SWIFT_OPTIMIZATION_LEVEL = "-O";
				VALIDATE_PRODUCT = YES;
			};
			name = Release;
		};
		9559D056287F5575008BE852 /* Debug */ = {
			isa = XCBuildConfiguration;
			buildSettings = {
				ASSETCATALOG_COMPILER_APPICON_NAME = AppIcon;
				ASSETCATALOG_COMPILER_GLOBAL_ACCENT_COLOR_NAME = AccentColor;
				CODE_SIGN_STYLE = Automatic;
				CURRENT_PROJECT_VERSION = 1;
				DEVELOPMENT_ASSET_PATHS = "\"SwiftUI Bootcamp/Preview Content\"";
				ENABLE_PREVIEWS = YES;
				GENERATE_INFOPLIST_FILE = YES;
				INFOPLIST_KEY_UIApplicationSceneManifest_Generation = YES;
				INFOPLIST_KEY_UIApplicationSupportsIndirectInputEvents = YES;
				INFOPLIST_KEY_UILaunchScreen_Generation = YES;
				INFOPLIST_KEY_UISupportedInterfaceOrientations = "UIInterfaceOrientationPortrait UIInterfaceOrientationLandscapeLeft UIInterfaceOrientationLandscapeRight";
				INFOPLIST_KEY_UISupportedInterfaceOrientations_iPad = "UIInterfaceOrientationPortrait UIInterfaceOrientationPortraitUpsideDown UIInterfaceOrientationLandscapeLeft UIInterfaceOrientationLandscapeRight";
				INFOPLIST_KEY_UISupportedInterfaceOrientations_iPhone = "UIInterfaceOrientationPortrait UIInterfaceOrientationLandscapeLeft UIInterfaceOrientationLandscapeRight";
				IPHONEOS_DEPLOYMENT_TARGET = 14.0;
				LD_RUNPATH_SEARCH_PATHS = (
					"$(inherited)",
					"@executable_path/Frameworks",
				);
				MARKETING_VERSION = 1.0;
				PRODUCT_BUNDLE_IDENTIFIER = "practice.SwiftUI-Bootcamp";
				PRODUCT_NAME = "Bootcamp Icon";
				SWIFT_EMIT_LOC_STRINGS = YES;
				SWIFT_VERSION = 5.0;
				TARGETED_DEVICE_FAMILY = "1,2";
			};
			name = Debug;
		};
		9559D057287F5575008BE852 /* Release */ = {
			isa = XCBuildConfiguration;
			buildSettings = {
				ASSETCATALOG_COMPILER_APPICON_NAME = AppIcon;
				ASSETCATALOG_COMPILER_GLOBAL_ACCENT_COLOR_NAME = AccentColor;
				CODE_SIGN_STYLE = Automatic;
				CURRENT_PROJECT_VERSION = 1;
				DEVELOPMENT_ASSET_PATHS = "\"SwiftUI Bootcamp/Preview Content\"";
				ENABLE_PREVIEWS = YES;
				GENERATE_INFOPLIST_FILE = YES;
				INFOPLIST_KEY_UIApplicationSceneManifest_Generation = YES;
				INFOPLIST_KEY_UIApplicationSupportsIndirectInputEvents = YES;
				INFOPLIST_KEY_UILaunchScreen_Generation = YES;
				INFOPLIST_KEY_UISupportedInterfaceOrientations = "UIInterfaceOrientationPortrait UIInterfaceOrientationLandscapeLeft UIInterfaceOrientationLandscapeRight";
				INFOPLIST_KEY_UISupportedInterfaceOrientations_iPad = "UIInterfaceOrientationPortrait UIInterfaceOrientationPortraitUpsideDown UIInterfaceOrientationLandscapeLeft UIInterfaceOrientationLandscapeRight";
				INFOPLIST_KEY_UISupportedInterfaceOrientations_iPhone = "UIInterfaceOrientationPortrait UIInterfaceOrientationLandscapeLeft UIInterfaceOrientationLandscapeRight";
				IPHONEOS_DEPLOYMENT_TARGET = 14.0;
				LD_RUNPATH_SEARCH_PATHS = (
					"$(inherited)",
					"@executable_path/Frameworks",
				);
				MARKETING_VERSION = 1.0;
				PRODUCT_BUNDLE_IDENTIFIER = "practice.SwiftUI-Bootcamp";
				PRODUCT_NAME = "Bootcamp Icon";
				SWIFT_EMIT_LOC_STRINGS = YES;
				SWIFT_VERSION = 5.0;
				TARGETED_DEVICE_FAMILY = "1,2";
			};
			name = Release;
		};
/* End XCBuildConfiguration section */

/* Begin XCConfigurationList section */
		9559D042287F5573008BE852 /* Build configuration list for PBXProject "SwiftUI Bootcamp" */ = {
			isa = XCConfigurationList;
			buildConfigurations = (
				9559D053287F5575008BE852 /* Debug */,
				9559D054287F5575008BE852 /* Release */,
			);
			defaultConfigurationIsVisible = 0;
			defaultConfigurationName = Release;
		};
		9559D055287F5575008BE852 /* Build configuration list for PBXNativeTarget "SwiftUI Bootcamp" */ = {
			isa = XCConfigurationList;
			buildConfigurations = (
				9559D056287F5575008BE852 /* Debug */,
				9559D057287F5575008BE852 /* Release */,
			);
			defaultConfigurationIsVisible = 0;
			defaultConfigurationName = Release;
		};
/* End XCConfigurationList section */
	};
	rootObject = 9559D03F287F5573008BE852 /* Project object */;
}
